
Microsoft Visual Studio Solution File, Format Version 12.00
# Visual Studio Version 17
VisualStudioVersion = 17.13.35931.197 d17.13
MinimumVisualStudioVersion = 10.0.40219.1
Project("{FAE04EC0-301F-11D3-BF4B-00C04F79EFBC}") = "LoginPageDemo", "LoginPageDemo.csproj", "{2E1261BF-1BF5-4D4A-AC48-B9453FFD9426}"
EndProject
Global
	GlobalSection(SolutionConfigurationPlatforms) = preSolution
		Debug|Any CPU = Debug|Any CPU
		Release|Any CPU = Release|Any CPU
	EndGlobalSection
	GlobalSection(ProjectConfigurationPlatforms) = postSolution
		{2E1261BF-1BF5-4D4A-AC48-B9453FFD9426}.Debug|Any CPU.ActiveCfg = Debug|Any CPU
		{2E1261BF-1BF5-4D4A-AC48-B9453FFD9426}.Debug|Any CPU.Build.0 = Debug|Any CPU
		{2E1261BF-1BF5-4D4A-AC48-B9453FFD9426}.Release|Any CPU.ActiveCfg = Release|Any CPU
		{2E1261BF-1BF5-4D4A-AC48-B9453FFD9426}.Release|Any CPU.Build.0 = Release|Any CPU
	EndGlobalSection
	GlobalSection(SolutionProperties) = preSolution
		HideSolutionNode = FALSE
	EndGlobalSection
	GlobalSection(ExtensibilityGlobals) = postSolution
		SolutionGuid = {70125584-682E-4FB5-BC3A-CDA52019CF4F}
	EndGlobalSection
EndGlobal
